
Microsoft Visual Studio Solution File, Format Version 12.00
# Visual Studio Version 17
VisualStudioVersion = 17.7.34024.191
MinimumVisualStudioVersion = 10.0.40219.1
Project("{9A19103F-16F7-4668-BE54-9A1E7A4F7556}") = "ArtNetSharp", "ArtNetSharp\ArtNetSharp.csproj", "{ED46ABC9-513A-4BEB-AC47-21FC0ACC2971}"
EndProject
Project("{9A19103F-16F7-4668-BE54-9A1E7A4F7556}") = "ArtNetTests", "ArtNetTests\ArtNetTests.csproj", "{AE26C891-AF80-4C7C-A05E-6358E8A96E9C}"
EndProject
Project("{9A19103F-16F7-4668-BE54-9A1E7A4F7556}") = "ControllerExample", "Examples\ControllerExample\ControllerExample.csproj", "{FA2C4391-248B-4651-AC7D-1B4157E675CA}"
EndProject
Project("{9A19103F-16F7-4668-BE54-9A1E7A4F7556}") = "NodeOutputExample", "Examples\NodeOutputExample\NodeOutputExample.csproj", "{8A9CF0C5-2AFC-4243-8D88-DFB053878318}"
EndProject
Project("{9A19103F-16F7-4668-BE54-9A1E7A4F7556}") = "NodeInputExample", "Examples\NodeInputExample\NodeInputExample.csproj", "{9CCE08DE-6ED6-4A19-AB0D-C01413A2E5D3}"
EndProject
Project("{9A19103F-16F7-4668-BE54-9A1E7A4F7556}") = "ControlerRDMExample", "Examples\ControlerRDMExample\ControlerRDMExample.csproj", "{90BF6833-7425-4D6B-A8F9-8487A60F1B78}"
EndProject
Global
	GlobalSection(SolutionConfigurationPlatforms) = preSolution
		Debug|Any CPU = Debug|Any CPU
		Release|Any CPU = Release|Any CPU
	EndGlobalSection
	GlobalSection(ProjectConfigurationPlatforms) = postSolution
		{ED46ABC9-513A-4BEB-AC47-21FC0ACC2971}.Debug|Any CPU.ActiveCfg = Debug|Any CPU
		{ED46ABC9-513A-4BEB-AC47-21FC0ACC2971}.Debug|Any CPU.Build.0 = Debug|Any CPU
		{ED46ABC9-513A-4BEB-AC47-21FC0ACC2971}.Release|Any CPU.ActiveCfg = Release|Any CPU
		{ED46ABC9-513A-4BEB-AC47-21FC0ACC2971}.Release|Any CPU.Build.0 = Release|Any CPU
		{AE26C891-AF80-4C7C-A05E-6358E8A96E9C}.Debug|Any CPU.ActiveCfg = Debug|Any CPU
		{AE26C891-AF80-4C7C-A05E-6358E8A96E9C}.Debug|Any CPU.Build.0 = Debug|Any CPU
		{AE26C891-AF80-4C7C-A05E-6358E8A96E9C}.Release|Any CPU.ActiveCfg = Release|Any CPU
		{AE26C891-AF80-4C7C-A05E-6358E8A96E9C}.Release|Any CPU.Build.0 = Release|Any CPU
		{FA2C4391-248B-4651-AC7D-1B4157E675CA}.Debug|Any CPU.ActiveCfg = Debug|Any CPU
		{FA2C4391-248B-4651-AC7D-1B4157E675CA}.Debug|Any CPU.Build.0 = Debug|Any CPU
		{FA2C4391-248B-4651-AC7D-1B4157E675CA}.Release|Any CPU.ActiveCfg = Release|Any CPU
		{FA2C4391-248B-4651-AC7D-1B4157E675CA}.Release|Any CPU.Build.0 = Release|Any CPU
		{8A9CF0C5-2AFC-4243-8D88-DFB053878318}.Debug|Any CPU.ActiveCfg = Debug|Any CPU
		{8A9CF0C5-2AFC-4243-8D88-DFB053878318}.Debug|Any CPU.Build.0 = Debug|Any CPU
		{8A9CF0C5-2AFC-4243-8D88-DFB053878318}.Release|Any CPU.ActiveCfg = Release|Any CPU
		{8A9CF0C5-2AFC-4243-8D88-DFB053878318}.Release|Any CPU.Build.0 = Release|Any CPU
		{9CCE08DE-6ED6-4A19-AB0D-C01413A2E5D3}.Debug|Any CPU.ActiveCfg = Debug|Any CPU
		{9CCE08DE-6ED6-4A19-AB0D-C01413A2E5D3}.Debug|Any CPU.Build.0 = Debug|Any CPU
		{9CCE08DE-6ED6-4A19-AB0D-C01413A2E5D3}.Release|Any CPU.ActiveCfg = Release|Any CPU
		{9CCE08DE-6ED6-4A19-AB0D-C01413A2E5D3}.Release|Any CPU.Build.0 = Release|Any CPU
		{90BF6833-7425-4D6B-A8F9-8487A60F1B78}.Debug|Any CPU.ActiveCfg = Debug|Any CPU
		{90BF6833-7425-4D6B-A8F9-8487A60F1B78}.Debug|Any CPU.Build.0 = Debug|Any CPU
		{90BF6833-7425-4D6B-A8F9-8487A60F1B78}.Release|Any CPU.ActiveCfg = Release|Any CPU
		{90BF6833-7425-4D6B-A8F9-8487A60F1B78}.Release|Any CPU.Build.0 = Release|Any CPU
	EndGlobalSection
	GlobalSection(SolutionProperties) = preSolution
		HideSolutionNode = FALSE
	EndGlobalSection
	GlobalSection(ExtensibilityGlobals) = postSolution
		SolutionGuid = {4294296C-A5C2-4DB7-AF82-548B7EB16CE9}
	EndGlobalSection
EndGlobal
