
Microsoft Visual Studio Solution File, Format Version 12.00
# Visual Studio Version 17
VisualStudioVersion = 17.7.34024.191
MinimumVisualStudioVersion = 10.0.40219.1
Project("{9A19103F-16F7-4668-BE54-9A1E7A4F7556}") = "ArtNetSharp", "ArtNetSharp\ArtNetSharp.csproj", "{ED46ABC9-513A-4BEB-AC47-21FC0ACC2971}"
EndProject
Project("{9A19103F-16F7-4668-BE54-9A1E7A4F7556}") = "ArtNetTests", "ArtNetTests\ArtNetTests.csproj", "{AE26C891-AF80-4C7C-A05E-6358E8A96E9C}"
EndProject
Global
	GlobalSection(SolutionConfigurationPlatforms) = preSolution
		Debug|Any CPU = Debug|Any CPU
		Release|Any CPU = Release|Any CPU
	EndGlobalSection
	GlobalSection(ProjectConfigurationPlatforms) = postSolution
		{ED46ABC9-513A-4BEB-AC47-21FC0ACC2971}.Debug|Any CPU.ActiveCfg = Debug|Any CPU
		{ED46ABC9-513A-4BEB-AC47-21FC0ACC2971}.Debug|Any CPU.Build.0 = Debug|Any CPU
		{ED46ABC9-513A-4BEB-AC47-21FC0ACC2971}.Release|Any CPU.ActiveCfg = Release|Any CPU
		{ED46ABC9-513A-4BEB-AC47-21FC0ACC2971}.Release|Any CPU.Build.0 = Release|Any CPU
		{AE26C891-AF80-4C7C-A05E-6358E8A96E9C}.Debug|Any CPU.ActiveCfg = Debug|Any CPU
		{AE26C891-AF80-4C7C-A05E-6358E8A96E9C}.Debug|Any CPU.Build.0 = Debug|Any CPU
		{AE26C891-AF80-4C7C-A05E-6358E8A96E9C}.Release|Any CPU.ActiveCfg = Release|Any CPU
		{AE26C891-AF80-4C7C-A05E-6358E8A96E9C}.Release|Any CPU.Build.0 = Release|Any CPU
	EndGlobalSection
	GlobalSection(SolutionProperties) = preSolution
		HideSolutionNode = FALSE
	EndGlobalSection
	GlobalSection(ExtensibilityGlobals) = postSolution
		SolutionGuid = {4294296C-A5C2-4DB7-AF82-548B7EB16CE9}
	EndGlobalSection
EndGlobal
